// !$*UTF8*$!
{
	archiveVersion = 1;
	classes = {
	};
	objectVersion = 46;
	objects = {

/* Begin PBXBuildFile section */
		438D27061C3668E800CA68F8 /* AppDelegate.swift in Sources */ = {isa = PBXBuildFile; fileRef = 438D27051C3668E800CA68F8 /* AppDelegate.swift */; };
		438D27081C3668E800CA68F8 /* ViewController.swift in Sources */ = {isa = PBXBuildFile; fileRef = 438D27071C3668E800CA68F8 /* ViewController.swift */; };
		438D270B1C3668E800CA68F8 /* Main.storyboard in Resources */ = {isa = PBXBuildFile; fileRef = 438D27091C3668E800CA68F8 /* Main.storyboard */; };
		438D270D1C3668E800CA68F8 /* Assets.xcassets in Resources */ = {isa = PBXBuildFile; fileRef = 438D270C1C3668E800CA68F8 /* Assets.xcassets */; };
		438D27101C3668E800CA68F8 /* LaunchScreen.storyboard in Resources */ = {isa = PBXBuildFile; fileRef = 438D270E1C3668E800CA68F8 /* LaunchScreen.storyboard */; };
		438D27181C36E7B300CA68F8 /* Minecraft.ttf in Resources */ = {isa = PBXBuildFile; fileRef = 438D27171C36E7B300CA68F8 /* Minecraft.ttf */; };
		438D271A1C371CE200CA68F8 /* btn.wav in Resources */ = {isa = PBXBuildFile; fileRef = 438D27191C371CE200CA68F8 /* btn.wav */; };
/* End PBXBuildFile section */

/* Begin PBXFileReference section */
		438D27021C3668E800CA68F8 /* Retro Calculator.app */ = {isa = PBXFileReference; explicitFileType = wrapper.application; includeInIndex = 0; path = "Retro Calculator.app"; sourceTree = BUILT_PRODUCTS_DIR; };
		438D27051C3668E800CA68F8 /* AppDelegate.swift */ = {isa = PBXFileReference; lastKnownFileType = sourcecode.swift; path = AppDelegate.swift; sourceTree = "<group>"; };
		438D27071C3668E800CA68F8 /* ViewController.swift */ = {isa = PBXFileReference; lastKnownFileType = sourcecode.swift; path = ViewController.swift; sourceTree = "<group>"; };
		438D270A1C3668E800CA68F8 /* Base */ = {isa = PBXFileReference; lastKnownFileType = file.storyboard; name = Base; path = Base.lproj/Main.storyboard; sourceTree = "<group>"; };
		438D270C1C3668E800CA68F8 /* Assets.xcassets */ = {isa = PBXFileReference; lastKnownFileType = folder.assetcatalog; path = Assets.xcassets; sourceTree = "<group>"; };
		438D270F1C3668E800CA68F8 /* Base */ = {isa = PBXFileReference; lastKnownFileType = file.storyboard; name = Base; path = Base.lproj/LaunchScreen.storyboard; sourceTree = "<group>"; };
		438D27111C3668E800CA68F8 /* Info.plist */ = {isa = PBXFileReference; lastKnownFileType = text.plist.xml; path = Info.plist; sourceTree = "<group>"; };
		438D27171C36E7B300CA68F8 /* Minecraft.ttf */ = {isa = PBXFileReference; lastKnownFileType = file; path = Minecraft.ttf; sourceTree = "<group>"; };
		438D27191C371CE200CA68F8 /* btn.wav */ = {isa = PBXFileReference; lastKnownFileType = audio.wav; path = btn.wav; sourceTree = "<group>"; };
/* End PBXFileReference section */

/* Begin PBXFrameworksBuildPhase section */
		438D26FF1C3668E800CA68F8 /* Frameworks */ = {
			isa = PBXFrameworksBuildPhase;
			buildActionMask = 2147483647;
			files = (
			);
			runOnlyForDeploymentPostprocessing = 0;
		};
/* End PBXFrameworksBuildPhase section */

/* Begin PBXGroup section */
		438D26F91C3668E800CA68F8 = {
			isa = PBXGroup;
			children = (
				438D27041C3668E800CA68F8 /* Retro Calculator */,
				438D27031C3668E800CA68F8 /* Products */,
			);
			sourceTree = "<group>";
		};
		438D27031C3668E800CA68F8 /* Products */ = {
			isa = PBXGroup;
			children = (
				438D27021C3668E800CA68F8 /* Retro Calculator.app */,
			);
			name = Products;
			sourceTree = "<group>";
		};
		438D27041C3668E800CA68F8 /* Retro Calculator */ = {
			isa = PBXGroup;
			children = (
				438D27171C36E7B300CA68F8 /* Minecraft.ttf */,
				438D27191C371CE200CA68F8 /* btn.wav */,
				438D27051C3668E800CA68F8 /* AppDelegate.swift */,
				438D27071C3668E800CA68F8 /* ViewController.swift */,
				438D27091C3668E800CA68F8 /* Main.storyboard */,
				438D270C1C3668E800CA68F8 /* Assets.xcassets */,
				438D270E1C3668E800CA68F8 /* LaunchScreen.storyboard */,
				438D27111C3668E800CA68F8 /* Info.plist */,
			);
			path = "Retro Calculator";
			sourceTree = "<group>";
		};
/* End PBXGroup section */

/* Begin PBXNativeTarget section */
		438D27011C3668E800CA68F8 /* Retro Calculator */ = {
			isa = PBXNativeTarget;
			buildConfigurationList = 438D27141C3668E800CA68F8 /* Build configuration list for PBXNativeTarget "Retro Calculator" */;
			buildPhases = (
				438D26FE1C3668E800CA68F8 /* Sources */,
				438D26FF1C3668E800CA68F8 /* Frameworks */,
				438D27001C3668E800CA68F8 /* Resources */,
			);
			buildRules = (
			);
			dependencies = (
			);
			name = "Retro Calculator";
			productName = "Retro Calculator";
			productReference = 438D27021C3668E800CA68F8 /* Retro Calculator.app */;
			productType = "com.apple.product-type.application";
		};
/* End PBXNativeTarget section */

/* Begin PBXProject section */
		438D26FA1C3668E800CA68F8 /* Project object */ = {
			isa = PBXProject;
			attributes = {
				LastSwiftUpdateCheck = 0720;
				LastUpgradeCheck = 0720;
				ORGANIZATIONNAME = "Tauseef Latif";
				TargetAttributes = {
					438D27011C3668E800CA68F8 = {
						CreatedOnToolsVersion = 7.2;
						DevelopmentTeam = GYLD5Y8V2T;
					};
				};
			};
			buildConfigurationList = 438D26FD1C3668E800CA68F8 /* Build configuration list for PBXProject "Retro Calculator" */;
			compatibilityVersion = "Xcode 3.2";
			developmentRegion = English;
			hasScannedForEncodings = 0;
			knownRegions = (
				en,
				Base,
			);
			mainGroup = 438D26F91C3668E800CA68F8;
			productRefGroup = 438D27031C3668E800CA68F8 /* Products */;
			projectDirPath = "";
			projectRoot = "";
			targets = (
				438D27011C3668E800CA68F8 /* Retro Calculator */,
			);
		};
/* End PBXProject section */

/* Begin PBXResourcesBuildPhase section */
		438D27001C3668E800CA68F8 /* Resources */ = {
			isa = PBXResourcesBuildPhase;
			buildActionMask = 2147483647;
			files = (
				438D271A1C371CE200CA68F8 /* btn.wav in Resources */,
				438D27101C3668E800CA68F8 /* LaunchScreen.storyboard in Resources */,
				438D270D1C3668E800CA68F8 /* Assets.xcassets in Resources */,
				438D27181C36E7B300CA68F8 /* Minecraft.ttf in Resources */,
				438D270B1C3668E800CA68F8 /* Main.storyboard in Resources */,
			);
			runOnlyForDeploymentPostprocessing = 0;
		};
/* End PBXResourcesBuildPhase section */

/* Begin PBXSourcesBuildPhase section */
		438D26FE1C3668E800CA68F8 /* Sources */ = {
			isa = PBXSourcesBuildPhase;
			buildActionMask = 2147483647;
			files = (
				438D27081C3668E800CA68F8 /* ViewController.swift in Sources */,
				438D27061C3668E800CA68F8 /* AppDelegate.swift in Sources */,
			);
			runOnlyForDeploymentPostprocessing = 0;
		};
/* End PBXSourcesBuildPhase section */

/* Begin PBXVariantGroup section */
		438D27091C3668E800CA68F8 /* Main.storyboard */ = {
			isa = PBXVariantGroup;
			children = (
				438D270A1C3668E800CA68F8 /* Base */,
			);
			name = Main.storyboard;
			sourceTree = "<group>";
		};
		438D270E1C3668E800CA68F8 /* LaunchScreen.storyboard */ = {
			isa = PBXVariantGroup;
			children = (
				438D270F1C3668E800CA68F8 /* Base */,
			);
			name = LaunchScreen.storyboard;
			sourceTree = "<group>";
		};
/* End PBXVariantGroup section */

/* Begin XCBuildConfiguration section */
		438D27121C3668E800CA68F8 /* Debug */ = {
			isa = XCBuildConfiguration;
			buildSettings = {
				ALWAYS_SEARCH_USER_PATHS = NO;
				CLANG_CXX_LANGUAGE_STANDARD = "gnu++0x";
				CLANG_CXX_LIBRARY = "libc++";
				CLANG_ENABLE_MODULES = YES;
				CLANG_ENABLE_OBJC_ARC = YES;
				CLANG_WARN_BOOL_CONVERSION = YES;
				CLANG_WARN_CONSTANT_CONVERSION = YES;
				CLANG_WARN_DIRECT_OBJC_ISA_USAGE = YES_ERROR;
				CLANG_WARN_EMPTY_BODY = YES;
				CLANG_WARN_ENUM_CONVERSION = YES;
				CLANG_WARN_INT_CONVERSION = YES;
				CLANG_WARN_OBJC_ROOT_CLASS = YES_ERROR;
				CLANG_WARN_UNREACHABLE_CODE = YES;
				CLANG_WARN__DUPLICATE_METHOD_MATCH = YES;
				"CODE_SIGN_IDENTITY[sdk=iphoneos*]" = "iPhone Developer";
				COPY_PHASE_STRIP = NO;
				DEBUG_INFORMATION_FORMAT = dwarf;
				ENABLE_STRICT_OBJC_MSGSEND = YES;
				ENABLE_TESTABILITY = YES;
				GCC_C_LANGUAGE_STANDARD = gnu99;
				GCC_DYNAMIC_NO_PIC = NO;
				GCC_NO_COMMON_BLOCKS = YES;
				GCC_OPTIMIZATION_LEVEL = 0;
				GCC_PREPROCESSOR_DEFINITIONS = (
					"DEBUG=1",
					"$(inherited)",
				);
				GCC_WARN_64_TO_32_BIT_CONVERSION = YES;
				GCC_WARN_ABOUT_RETURN_TYPE = YES_ERROR;
				GCC_WARN_UNDECLARED_SELECTOR = YES;
				GCC_WARN_UNINITIALIZED_AUTOS = YES_AGGRESSIVE;
				GCC_WARN_UNUSED_FUNCTION = YES;
				GCC_WARN_UNUSED_VARIABLE = YES;
				IPHONEOS_DEPLOYMENT_TARGET = 9.2;
				MTL_ENABLE_DEBUG_INFO = YES;
				ONLY_ACTIVE_ARCH = YES;
				SDKROOT = iphoneos;
				SWIFT_OPTIMIZATION_LEVEL = "-Onone";
				TARGETED_DEVICE_FAMILY = "1,2";
			};
			name = Debug;
		};
		438D27131C3668E800CA68F8 /* Release */ = {
			isa = XCBuildConfiguration;
			buildSettings = {
				ALWAYS_SEARCH_USER_PATHS = NO;
				CLANG_CXX_LANGUAGE_STANDARD = "gnu++0x";
				CLANG_CXX_LIBRARY = "libc++";
				CLANG_ENABLE_MODULES = YES;
				CLANG_ENABLE_OBJC_ARC = YES;
				CLANG_WARN_BOOL_CONVERSION = YES;
				CLANG_WARN_CONSTANT_CONVERSION = YES;
				CLANG_WARN_DIRECT_OBJC_ISA_USAGE = YES_ERROR;
				CLANG_WARN_EMPTY_BODY = YES;
				CLANG_WARN_ENUM_CONVERSION = YES;
				CLANG_WARN_INT_CONVERSION = YES;
				CLANG_WARN_OBJC_ROOT_CLASS = YES_ERROR;
				CLANG_WARN_UNREACHABLE_CODE = YES;
				CLANG_WARN__DUPLICATE_METHOD_MATCH = YES;
				"CODE_SIGN_IDENTITY[sdk=iphoneos*]" = "iPhone Developer";
				COPY_PHASE_STRIP = NO;
				DEBUG_INFORMATION_FORMAT = "dwarf-with-dsym";
				ENABLE_NS_ASSERTIONS = NO;
				ENABLE_STRICT_OBJC_MSGSEND = YES;
				GCC_C_LANGUAGE_STANDARD = gnu99;
				GCC_NO_COMMON_BLOCKS = YES;
				GCC_WARN_64_TO_32_BIT_CONVERSION = YES;
				GCC_WARN_ABOUT_RETURN_TYPE = YES_ERROR;
				GCC_WARN_UNDECLARED_SELECTOR = YES;
				GCC_WARN_UNINITIALIZED_AUTOS = YES_AGGRESSIVE;
				GCC_WARN_UNUSED_FUNCTION = YES;
				GCC_WARN_UNUSED_VARIABLE = YES;
				IPHONEOS_DEPLOYMENT_TARGET = 9.2;
				MTL_ENABLE_DEBUG_INFO = NO;
				SDKROOT = iphoneos;
				TARGETED_DEVICE_FAMILY = "1,2";
				VALIDATE_PRODUCT = YES;
			};
			name = Release;
		};
		438D27151C3668E800CA68F8 /* Debug */ = {
			isa = XCBuildConfiguration;
			buildSettings = {
				ASSETCATALOG_COMPILER_APPICON_NAME = AppIcon;
				INFOPLIST_FILE = "Retro Calculator/Info.plist";
				LD_RUNPATH_SEARCH_PATHS = "$(inherited) @executable_path/Frameworks";
				PRODUCT_BUNDLE_IDENTIFIER = "com.tlatif.Retro-Calculator";
				PRODUCT_NAME = "$(TARGET_NAME)";
			};
			name = Debug;
		};
		438D27161C3668E800CA68F8 /* Release */ = {
			isa = XCBuildConfiguration;
			buildSettings = {
				ASSETCATALOG_COMPILER_APPICON_NAME = AppIcon;
				INFOPLIST_FILE = "Retro Calculator/Info.plist";
				LD_RUNPATH_SEARCH_PATHS = "$(inherited) @executable_path/Frameworks";
				PRODUCT_BUNDLE_IDENTIFIER = "com.tlatif.Retro-Calculator";
				PRODUCT_NAME = "$(TARGET_NAME)";
			};
			name = Release;
		};
/* End XCBuildConfiguration section */

/* Begin XCConfigurationList section */
		438D26FD1C3668E800CA68F8 /* Build configuration list for PBXProject "Retro Calculator" */ = {
			isa = XCConfigurationList;
			buildConfigurations = (
				438D27121C3668E800CA68F8 /* Debug */,
				438D27131C3668E800CA68F8 /* Release */,
			);
			defaultConfigurationIsVisible = 0;
			defaultConfigurationName = Release;
		};
		438D27141C3668E800CA68F8 /* Build configuration list for PBXNativeTarget "Retro Calculator" */ = {
			isa = XCConfigurationList;
			buildConfigurations = (
				438D27151C3668E800CA68F8 /* Debug */,
				438D27161C3668E800CA68F8 /* Release */,
			);
			defaultConfigurationIsVisible = 0;
		};
/* End XCConfigurationList section */
	};
	rootObject = 438D26FA1C3668E800CA68F8 /* Project object */;
}
